
Microsoft Visual Studio Solution File, Format Version 12.00
# Visual Studio 15
VisualStudioVersion = 15.0.27428.2037
MinimumVisualStudioVersion = 10.0.40219.1
Project("{FAE04EC0-301F-11D3-BF4B-00C04F79EFBC}") = "NotAMetroidGame", "NotAMetroidGame\NotAMetroidGame.csproj", "{9E66D9ED-DB89-4C82-A36F-42711C9694B9}"
EndProject
Global
	GlobalSection(SolutionConfigurationPlatforms) = preSolution
		Debug|x86 = Debug|x86
		Release|x86 = Release|x86
	EndGlobalSection
	GlobalSection(ProjectConfigurationPlatforms) = postSolution
		{9E66D9ED-DB89-4C82-A36F-42711C9694B9}.Debug|x86.ActiveCfg = Debug|x86
		{9E66D9ED-DB89-4C82-A36F-42711C9694B9}.Debug|x86.Build.0 = Debug|x86
		{9E66D9ED-DB89-4C82-A36F-42711C9694B9}.Release|x86.ActiveCfg = Release|x86
		{9E66D9ED-DB89-4C82-A36F-42711C9694B9}.Release|x86.Build.0 = Release|x86
	EndGlobalSection
	GlobalSection(SolutionProperties) = preSolution
		HideSolutionNode = FALSE
	EndGlobalSection
	GlobalSection(ExtensibilityGlobals) = postSolution
		SolutionGuid = {BC0E225F-D7F6-4B5C-9200-BD9581E80BBD}
	EndGlobalSection
EndGlobal
